NeoBundleLock fzf 22b089e47ec58cb459d5129f0ab98cf3ce86ab45
NeoBundleLock fzf.vim 67b2393e8ec927f3c3093543458feb010f521db2
NeoBundleLock jellybeans.vim 10d8262868b94fabe15fbb010f4a68c169c8e942
NeoBundleLock lexima.vim 435f56c1d37736addd1be6dc07b611034d429432
NeoBundleLock molokai c67bdfcdb31415aa0ade7f8c003261700a885476
NeoBundleLock mru.vim 1a965b018ea7b1576b5c5782d7a9ee0ad279eb9b
NeoBundleLock neco-look 86a5e98d02dc3a96e42e41921cae3f153db0edfa
NeoBundleLock neobundle.vim 9c62a8fcf9eb42d3956c703943c99f06a63112e6
NeoBundleLock neocomplcache.vim 778181767467b8f8016828898779a646074d883a
NeoBundleLock restart.vim 89be46c4947fd4aaff995ef294024841792024de
NeoBundleLock solarized.vim bf7ebd8e3eda69273e05a8c3a4fe8a35c87f1e79
NeoBundleLock syntastic 00ad38dd5e67686377debfad84bbb04df5e7cdfa
NeoBundleLock tmux.vim 8de7a7975e5813c06e6e210abd1ee2bd9348a236
NeoBundleLock vim-buftabs e6bce401ba9b25d08d2d957acc28bfa53c84fdbb
NeoBundleLock vim-coffee-script 5de5f371a90d714296466239071473788865b6ef
NeoBundleLock vim-dirvish 62cc72a39806552a93098c3e14a42805cc3e0b3a
NeoBundleLock vim-go c63c798f71790c7952a9adafa866be1523f38589
NeoBundleLock vim-golang e6d0c6a72a66af2674b96233c4747661e0f47a8c
NeoBundleLock vim-hcl 6cf84d92500e7ad9bb1efc6a618f1c37549d5b25
NeoBundleLock vim-hclfmt e9a35679015b4a10021a1afbc5c491aaa0050239
NeoBundleLock vim-hybrid cc58baabeabc7b83768e25b852bf89c34756bf90
NeoBundleLock vim-json f5e3181d0b33a9c51377bb7ea8492feddca8b503
NeoBundleLock vim-markdown 3c2215bfed1de1251927fbc94b2631ca27c2958f
NeoBundleLock vim-repeat 7a6675f092842c8f81e71d5345bd7cdbf3759415
NeoBundleLock vim-shellutils 1d4a8ff9d0cb66a065af5674a8053cc059167584
NeoBundleLock vim-splash 04085f4fbe1ed50e0f9854587cfa6c2a33fb9451
NeoBundleLock vim-surround e49d6c2459e0f5569ff2d533b4df995dd7f98313
NeoBundleLock vim-toml f6f79f3cc6740dfacca73a195857cbc45e778912
NeoBundleLock vimdoc-ja e4493d3d4b295cbd3047a19aba78f8dab74c49cb
NeoBundleLock vimproc 25cb83f24edec4aec1e9f1329302235e7a7a7fe0
NeoBundleLock vital.vim bff0d8c58c1fb6ab9e4a9fc0c672368502f10d88
