NeoBundleLock AnsiEsc.vim d2bb7878622e4c16203acf1c92a0f4bc7ac58003
NeoBundleLock neobundle.vim 9c62a8fcf9eb42d3956c703943c99f06a63112e6
NeoBundleLock neomru.vim 342cad2833ab23f104b3688e3a98635c2ae70c03
NeoBundleLock nerdtree 4428aba2a299cbd117c80e7d18068b2cbb222fff
NeoBundleLock tcomment_vim a30434a3d2c7c74e2708a3bc800c5c14c1e6625e
NeoBundleLock unite.vim af6e6459e5eb11796cf535246043f0eaf29fd3de
NeoBundleLock vim-endwise 0067ceda37725d01b7bd5bf249d63b1b5d4e2ab4
NeoBundleLock vim-fugitive aac85a268e89a6c8be79341e130ac90256fadbd6
NeoBundleLock vim-indent-guides 018298ead9d3aa9cd3b4ae222f81022a33978b09
NeoBundleLock vim-less 9426a5168acbc12a5dd8f3b01acff59db6ba36e1
NeoBundleLock vim-rails f35e42632bfda7bfa7c6c8e2dad7f0498caac6e2
NeoBundleLock vim-surround e49d6c2459e0f5569ff2d533b4df995dd7f98313
NeoBundleLock vim-trailing-whitespace 733fb64337b6da4a51c85a43450cd620d8b617b5
